
Microsoft Visual Studio Solution File, Format Version 12.00
# Visual Studio Version 17
VisualStudioVersion = 17.1.32210.238
MinimumVisualStudioVersion = 10.0.40219.1
Project("{9A19103F-16F7-4668-BE54-9A1E7A4F7556}") = "Slitherlink", "Slitherlink\Slitherlink.csproj", "{B7C8F13C-3541-4908-8E63-7BA58D59F9E5}"
EndProject
Project("{FAE04EC0-301F-11D3-BF4B-00C04F79EFBC}") = "SlitherlinkWeb", "SlitherlinkWeb\SlitherlinkWeb.csproj", "{2BCFA25F-A51B-427E-A401-1A2D4BD1C2D2}"
EndProject
Global
	GlobalSection(SolutionConfigurationPlatforms) = preSolution
		Debug|Any CPU = Debug|Any CPU
		Release|Any CPU = Release|Any CPU
	EndGlobalSection
	GlobalSection(ProjectConfigurationPlatforms) = postSolution
		{B7C8F13C-3541-4908-8E63-7BA58D59F9E5}.Debug|Any CPU.ActiveCfg = Debug|Any CPU
		{B7C8F13C-3541-4908-8E63-7BA58D59F9E5}.Debug|Any CPU.Build.0 = Debug|Any CPU
		{B7C8F13C-3541-4908-8E63-7BA58D59F9E5}.Release|Any CPU.ActiveCfg = Release|Any CPU
		{B7C8F13C-3541-4908-8E63-7BA58D59F9E5}.Release|Any CPU.Build.0 = Release|Any CPU
		{2BCFA25F-A51B-427E-A401-1A2D4BD1C2D2}.Debug|Any CPU.ActiveCfg = Debug|Any CPU
		{2BCFA25F-A51B-427E-A401-1A2D4BD1C2D2}.Debug|Any CPU.Build.0 = Debug|Any CPU
		{2BCFA25F-A51B-427E-A401-1A2D4BD1C2D2}.Release|Any CPU.ActiveCfg = Release|Any CPU
		{2BCFA25F-A51B-427E-A401-1A2D4BD1C2D2}.Release|Any CPU.Build.0 = Release|Any CPU
	EndGlobalSection
	GlobalSection(SolutionProperties) = preSolution
		HideSolutionNode = FALSE
	EndGlobalSection
	GlobalSection(ExtensibilityGlobals) = postSolution
		SolutionGuid = {19C9BADE-96EB-4859-9CDB-4312E01BCB86}
	EndGlobalSection
EndGlobal
